
Microsoft Visual Studio Solution File, Format Version 12.00
# Visual Studio Version 17
VisualStudioVersion = 17.13.35818.85 d17.13
MinimumVisualStudioVersion = 10.0.40219.1
Project("{2150E333-8FDC-42A3-9474-1A3956D46DE8}") = "src", "src", "{A415FABE-8ADF-4EAB-B4FB-63A965C421D6}"
EndProject
Project("{2150E333-8FDC-42A3-9474-1A3956D46DE8}") = "Bootstrapper", "Bootstrapper", "{50135ACF-C912-4366-837D-2D8FD4EA480A}"
EndProject
Project("{FAE04EC0-301F-11D3-BF4B-00C04F79EFBC}") = "API", "API\API.csproj", "{E0358510-AFAB-4298-A409-9791D9BBE8E1}"
EndProject
Project("{2150E333-8FDC-42A3-9474-1A3956D46DE8}") = "Modules", "Modules", "{2350FAF9-D5E4-44E4-8D93-D9FE84F6EDCF}"
EndProject
Project("{2150E333-8FDC-42A3-9474-1A3956D46DE8}") = "Shared", "Shared", "{01D157A6-A733-472F-AA6E-5C09C5F3FCA3}"
EndProject
Project("{FAE04EC0-301F-11D3-BF4B-00C04F79EFBC}") = "Shared.DTOs", "Shared.DTOs\Shared.DTOs.csproj", "{9A273B9D-7B9E-44A2-A26D-1A978462CC84}"
EndProject
Project("{FAE04EC0-301F-11D3-BF4B-00C04F79EFBC}") = "Module.Identity", "Module.Identity\Module.Identity.csproj", "{54664557-4A81-4732-96B2-814AC6C05570}"
EndProject
Project("{2150E333-8FDC-42A3-9474-1A3956D46DE8}") = "Identity", "Identity", "{4C758B48-CE99-412D-909C-993EE38BCBC5}"
EndProject
Project("{FAE04EC0-301F-11D3-BF4B-00C04F79EFBC}") = "Shared", "Shared\Shared.csproj", "{A8FF4E1C-9EFB-40D1-ADD8-B1663C7B8A00}"
EndProject
Project("{2150E333-8FDC-42A3-9474-1A3956D46DE8}") = "Solution Items", "Solution Items", "{3CB909CB-F4EB-488D-836A-6055A081D884}"
EndProject
Project("{2150E333-8FDC-42A3-9474-1A3956D46DE8}") = "HandTalkModel", "HandTalkModel", "{988B22C4-72D9-41CE-B439-4D151ACC7564}"
EndProject
Project("{FAE04EC0-301F-11D3-BF4B-00C04F79EFBC}") = "HandTalkModel.Module", "HandTalkModel.Module\HandTalkModel.Module.csproj", "{4EF8206F-2A9D-44A7-ACDF-32C31E9C889A}"
EndProject
Project("{2150E333-8FDC-42A3-9474-1A3956D46DE8}") = "Dictionary", "Dictionary", "{AC6B3E50-F48D-47E1-A1CF-F7F5FFB2AC25}"
EndProject
Project("{FAE04EC0-301F-11D3-BF4B-00C04F79EFBC}") = "Module.Dictionary", "Module.Dictionary\Module.Dictionary.csproj", "{9F4668C9-6E47-48B8-9554-221816E9DB94}"
EndProject
Global
	GlobalSection(SolutionConfigurationPlatforms) = preSolution
		Debug|Any CPU = Debug|Any CPU
		Release|Any CPU = Release|Any CPU
	EndGlobalSection
	GlobalSection(ProjectConfigurationPlatforms) = postSolution
		{E0358510-AFAB-4298-A409-9791D9BBE8E1}.Debug|Any CPU.ActiveCfg = Debug|Any CPU
		{E0358510-AFAB-4298-A409-9791D9BBE8E1}.Debug|Any CPU.Build.0 = Debug|Any CPU
		{E0358510-AFAB-4298-A409-9791D9BBE8E1}.Release|Any CPU.ActiveCfg = Release|Any CPU
		{E0358510-AFAB-4298-A409-9791D9BBE8E1}.Release|Any CPU.Build.0 = Release|Any CPU
		{9A273B9D-7B9E-44A2-A26D-1A978462CC84}.Debug|Any CPU.ActiveCfg = Debug|Any CPU
		{9A273B9D-7B9E-44A2-A26D-1A978462CC84}.Debug|Any CPU.Build.0 = Debug|Any CPU
		{9A273B9D-7B9E-44A2-A26D-1A978462CC84}.Release|Any CPU.ActiveCfg = Release|Any CPU
		{9A273B9D-7B9E-44A2-A26D-1A978462CC84}.Release|Any CPU.Build.0 = Release|Any CPU
		{54664557-4A81-4732-96B2-814AC6C05570}.Debug|Any CPU.ActiveCfg = Debug|Any CPU
		{54664557-4A81-4732-96B2-814AC6C05570}.Debug|Any CPU.Build.0 = Debug|Any CPU
		{54664557-4A81-4732-96B2-814AC6C05570}.Release|Any CPU.ActiveCfg = Release|Any CPU
		{54664557-4A81-4732-96B2-814AC6C05570}.Release|Any CPU.Build.0 = Release|Any CPU
		{A8FF4E1C-9EFB-40D1-ADD8-B1663C7B8A00}.Debug|Any CPU.ActiveCfg = Debug|Any CPU
		{A8FF4E1C-9EFB-40D1-ADD8-B1663C7B8A00}.Debug|Any CPU.Build.0 = Debug|Any CPU
		{A8FF4E1C-9EFB-40D1-ADD8-B1663C7B8A00}.Release|Any CPU.ActiveCfg = Release|Any CPU
		{A8FF4E1C-9EFB-40D1-ADD8-B1663C7B8A00}.Release|Any CPU.Build.0 = Release|Any CPU
		{4EF8206F-2A9D-44A7-ACDF-32C31E9C889A}.Debug|Any CPU.ActiveCfg = Debug|Any CPU
		{4EF8206F-2A9D-44A7-ACDF-32C31E9C889A}.Debug|Any CPU.Build.0 = Debug|Any CPU
		{4EF8206F-2A9D-44A7-ACDF-32C31E9C889A}.Release|Any CPU.ActiveCfg = Release|Any CPU
		{4EF8206F-2A9D-44A7-ACDF-32C31E9C889A}.Release|Any CPU.Build.0 = Release|Any CPU
		{9F4668C9-6E47-48B8-9554-221816E9DB94}.Debug|Any CPU.ActiveCfg = Debug|Any CPU
		{9F4668C9-6E47-48B8-9554-221816E9DB94}.Debug|Any CPU.Build.0 = Debug|Any CPU
		{9F4668C9-6E47-48B8-9554-221816E9DB94}.Release|Any CPU.ActiveCfg = Release|Any CPU
		{9F4668C9-6E47-48B8-9554-221816E9DB94}.Release|Any CPU.Build.0 = Release|Any CPU
	EndGlobalSection
	GlobalSection(SolutionProperties) = preSolution
		HideSolutionNode = FALSE
	EndGlobalSection
	GlobalSection(NestedProjects) = preSolution
		{50135ACF-C912-4366-837D-2D8FD4EA480A} = {A415FABE-8ADF-4EAB-B4FB-63A965C421D6}
		{E0358510-AFAB-4298-A409-9791D9BBE8E1} = {50135ACF-C912-4366-837D-2D8FD4EA480A}
		{2350FAF9-D5E4-44E4-8D93-D9FE84F6EDCF} = {A415FABE-8ADF-4EAB-B4FB-63A965C421D6}
		{01D157A6-A733-472F-AA6E-5C09C5F3FCA3} = {A415FABE-8ADF-4EAB-B4FB-63A965C421D6}
		{9A273B9D-7B9E-44A2-A26D-1A978462CC84} = {01D157A6-A733-472F-AA6E-5C09C5F3FCA3}
		{54664557-4A81-4732-96B2-814AC6C05570} = {4C758B48-CE99-412D-909C-993EE38BCBC5}
		{4C758B48-CE99-412D-909C-993EE38BCBC5} = {2350FAF9-D5E4-44E4-8D93-D9FE84F6EDCF}
		{A8FF4E1C-9EFB-40D1-ADD8-B1663C7B8A00} = {01D157A6-A733-472F-AA6E-5C09C5F3FCA3}
		{988B22C4-72D9-41CE-B439-4D151ACC7564} = {2350FAF9-D5E4-44E4-8D93-D9FE84F6EDCF}
		{4EF8206F-2A9D-44A7-ACDF-32C31E9C889A} = {988B22C4-72D9-41CE-B439-4D151ACC7564}
		{AC6B3E50-F48D-47E1-A1CF-F7F5FFB2AC25} = {2350FAF9-D5E4-44E4-8D93-D9FE84F6EDCF}
		{9F4668C9-6E47-48B8-9554-221816E9DB94} = {AC6B3E50-F48D-47E1-A1CF-F7F5FFB2AC25}
	EndGlobalSection
	GlobalSection(ExtensibilityGlobals) = postSolution
		SolutionGuid = {71083778-B4B0-4709-9F78-D888026132DA}
	EndGlobalSection
EndGlobal
